
Microsoft Visual Studio Solution File, Format Version 12.00
# Visual Studio Version 16
VisualStudioVersion = 16.0.29911.84
MinimumVisualStudioVersion = 10.0.40219.1
Project("{FAE04EC0-301F-11D3-BF4B-00C04F79EFBC}") = "Breeder_OnMVC", "Breeder_OnMVC\Breeder_OnMVC.csproj", "{B481188E-00E0-4A50-ADF0-BDB8AFE579F4}"
EndProject
Global
	GlobalSection(SolutionConfigurationPlatforms) = preSolution
		Debug|Any CPU = Debug|Any CPU
		Release|Any CPU = Release|Any CPU
	EndGlobalSection
	GlobalSection(ProjectConfigurationPlatforms) = postSolution
		{B481188E-00E0-4A50-ADF0-BDB8AFE579F4}.Debug|Any CPU.ActiveCfg = Debug|Any CPU
		{B481188E-00E0-4A50-ADF0-BDB8AFE579F4}.Debug|Any CPU.Build.0 = Debug|Any CPU
		{B481188E-00E0-4A50-ADF0-BDB8AFE579F4}.Release|Any CPU.ActiveCfg = Release|Any CPU
		{B481188E-00E0-4A50-ADF0-BDB8AFE579F4}.Release|Any CPU.Build.0 = Release|Any CPU
	EndGlobalSection
	GlobalSection(SolutionProperties) = preSolution
		HideSolutionNode = FALSE
	EndGlobalSection
	GlobalSection(ExtensibilityGlobals) = postSolution
		SolutionGuid = {2811108A-3539-4088-85A0-2F0915AABCA1}
	EndGlobalSection
EndGlobal
